<?xml version="1.0" encoding="utf-8"?>
<Project ToolsVersion="4.0" xmlns="http://schemas.microsoft.com/developer/msbuild/2003">
  <ItemGroup>
    <Filter Include="ソース ファイル">
      <UniqueIdentifier>{4FC737F1-C7A5-4376-A066-2A32D752A2FF}</UniqueIdentifier>
      <Extensions>cpp;c;cc;cxx;def;odl;idl;hpj;bat;asm;asmx</Extensions>
    </Filter>
    <Filter Include="ヘッダー ファイル">
      <UniqueIdentifier>{93995380-89BD-4b04-88EB-625FBE52EBFB}</UniqueIdentifier>
      <Extensions>h;hpp;hxx;hm;inl;inc;xsd</Extensions>
    </Filter>
    <Filter Include="リソース ファイル">
      <UniqueIdentifier>{67DA6AB6-F800-4c08-8B7A-83BB121AAD01}</UniqueIdentifier>
      <Extensions>rc;ico;cur;bmp;dlg;rc2;rct;bin;rgs;gif;jpg;jpeg;jpe;resx;tiff;tif;png;wav;mfcribbon-ms</Extensions>
    </Filter>
  </ItemGroup>
  <ItemGroup>
    <ClInclude Include="cameraGL.h">
      <Filter>ヘッダー ファイル</Filter>
    </ClInclude>
    <ClInclude Include="input.h">
      <Filter>ヘッダー ファイル</Filter>
    </ClInclude>
    <ClInclude Include="lightGL.h">
      <Filter>ヘッダー ファイル</Filter>
    </ClInclude>
    <ClInclude Include="main.h">
      <Filter>ヘッダー ファイル</Filter>
    </ClInclude>
    <ClInclude Include="manager.h">
      <Filter>ヘッダー ファイル</Filter>
    </ClInclude>
    <ClInclude Include="matrix.h">
      <Filter>ヘッダー ファイル</Filter>
    </ClInclude>
    <ClInclude Include="rendererGL.h">
      <Filter>ヘッダー ファイル</Filter>
    </ClInclude>
    <ClInclude Include="resource.h">
      <Filter>ヘッダー ファイル</Filter>
    </ClInclude>
    <ClInclude Include="scene2DGL.h">
      <Filter>ヘッダー ファイル</Filter>
    </ClInclude>
    <ClInclude Include="scene3DGL.h">
      <Filter>ヘッダー ファイル</Filter>
    </ClInclude>
    <ClInclude Include="sceneGL.h">
      <Filter>ヘッダー ファイル</Filter>
    </ClInclude>
    <ClInclude Include="sceneModel.h">
      <Filter>ヘッダー ファイル</Filter>
    </ClInclude>
    <ClInclude Include="sound.h">
      <Filter>ヘッダー ファイル</Filter>
    </ClInclude>
    <ClInclude Include="vector.h">
      <Filter>ヘッダー ファイル</Filter>
    </ClInclude>
    <ClInclude Include="readfile.h">
      <Filter>ヘッダー ファイル</Filter>
    </ClInclude>
    <ClInclude Include="sceneBillboardGL.h">
      <Filter>ヘッダー ファイル</Filter>
    </ClInclude>
    <ClInclude Include="game.h">
      <Filter>ヘッダー ファイル</Filter>
    </ClInclude>
    <ClInclude Include="result.h">
      <Filter>ヘッダー ファイル</Filter>
    </ClInclude>
    <ClInclude Include="title.h">
      <Filter>ヘッダー ファイル</Filter>
    </ClInclude>
    <ClInclude Include="mode.h">
      <Filter>ヘッダー ファイル</Filter>
    </ClInclude>
    <ClInclude Include="tutorial.h">
      <Filter>ヘッダー ファイル</Filter>
    </ClInclude>
    <ClInclude Include="fade.h">
      <Filter>ヘッダー ファイル</Filter>
    </ClInclude>
    <ClInclude Include="meshfield.h">
      <Filter>ヘッダー ファイル</Filter>
    </ClInclude>
    <ClInclude Include="number.h">
      <Filter>ヘッダー ファイル</Filter>
    </ClInclude>
    <ClInclude Include="score.h">
      <Filter>ヘッダー ファイル</Filter>
    </ClInclude>
    <ClInclude Include="debugProcGL.h">
      <Filter>ヘッダー ファイル</Filter>
    </ClInclude>
    <ClInclude Include="network.h">
      <Filter>ヘッダー ファイル</Filter>
    </ClInclude>
    <ClInclude Include="trickgauge.h">
      <Filter>ヘッダー ファイル</Filter>
    </ClInclude>
    <ClInclude Include="bullet.h">
      <Filter>ヘッダー ファイル</Filter>
    </ClInclude>
    <ClInclude Include="effect2D.h">
      <Filter>ヘッダー ファイル</Filter>
    </ClInclude>
    <ClInclude Include="countdown.h">
      <Filter>ヘッダー ファイル</Filter>
    </ClInclude>
    <ClInclude Include="player.h">
      <Filter>ヘッダー ファイル</Filter>
    </ClInclude>
    <ClInclude Include="shadow.h">
      <Filter>ヘッダー ファイル</Filter>
    </ClInclude>
    <ClInclude Include="textureManager.h">
      <Filter>ヘッダー ファイル</Filter>
    </ClInclude>
    <ClInclude Include="wall.h">
      <Filter>ヘッダー ファイル</Filter>
    </ClInclude>
    <ClInclude Include="skybox.h">
      <Filter>ヘッダー ファイル</Filter>
    </ClInclude>
    <ClInclude Include="balloon.h">
      <Filter>ヘッダー ファイル</Filter>
    </ClInclude>
    <ClInclude Include="life.h">
      <Filter>ヘッダー ファイル</Filter>
    </ClInclude>
    <ClInclude Include="collision.h">
      <Filter>ヘッダー ファイル</Filter>
    </ClInclude>
    <ClInclude Include="confetti.h">
      <Filter>ヘッダー ファイル</Filter>
    </ClInclude>
    <ClInclude Include="square.h">
      <Filter>ヘッダー ファイル</Filter>
    </ClInclude>
    <ClInclude Include="particle.h">
      <Filter>ヘッダー ファイル</Filter>
    </ClInclude>
    <ClInclude Include="effect.h">
      <Filter>ヘッダー ファイル</Filter>
    </ClInclude>
    <ClInclude Include="bulletgauge.h">
      <Filter>ヘッダー ファイル</Filter>
    </ClInclude>
    <ClInclude Include="podium.h">
      <Filter>ヘッダー ファイル</Filter>
    </ClInclude>
  </ItemGroup>
  <ItemGroup>
    <ClCompile Include="cameraGL.cpp">
      <Filter>ソース ファイル</Filter>
    </ClCompile>
    <ClCompile Include="input.cpp">
      <Filter>ソース ファイル</Filter>
    </ClCompile>
    <ClCompile Include="lightGL.cpp">
      <Filter>ソース ファイル</Filter>
    </ClCompile>
    <ClCompile Include="main.cpp">
      <Filter>ソース ファイル</Filter>
    </ClCompile>
    <ClCompile Include="manager.cpp">
      <Filter>ソース ファイル</Filter>
    </ClCompile>
    <ClCompile Include="rendererGL.cpp">
      <Filter>ソース ファイル</Filter>
    </ClCompile>
    <ClCompile Include="scene2DGL.cpp">
      <Filter>ソース ファイル</Filter>
    </ClCompile>
    <ClCompile Include="scene3DGL.cpp">
      <Filter>ソース ファイル</Filter>
    </ClCompile>
    <ClCompile Include="sceneGL.cpp">
      <Filter>ソース ファイル</Filter>
    </ClCompile>
    <ClCompile Include="sceneModel.cpp">
      <Filter>ソース ファイル</Filter>
    </ClCompile>
    <ClCompile Include="sound.cpp">
      <Filter>ソース ファイル</Filter>
    </ClCompile>
    <ClCompile Include="readfile.cpp">
      <Filter>ソース ファイル</Filter>
    </ClCompile>
    <ClCompile Include="sceneBillboardGL.cpp">
      <Filter>ソース ファイル</Filter>
    </ClCompile>
    <ClCompile Include="game.cpp">
      <Filter>ソース ファイル</Filter>
    </ClCompile>
    <ClCompile Include="result.cpp">
      <Filter>ソース ファイル</Filter>
    </ClCompile>
    <ClCompile Include="title.cpp">
      <Filter>ソース ファイル</Filter>
    </ClCompile>
    <ClCompile Include="tutorial.cpp">
      <Filter>ソース ファイル</Filter>
    </ClCompile>
    <ClCompile Include="fade.cpp">
      <Filter>ソース ファイル</Filter>
    </ClCompile>
    <ClCompile Include="meshfield.cpp">
      <Filter>ソース ファイル</Filter>
    </ClCompile>
    <ClCompile Include="number.cpp">
      <Filter>ソース ファイル</Filter>
    </ClCompile>
    <ClCompile Include="score.cpp">
      <Filter>ソース ファイル</Filter>
    </ClCompile>
    <ClCompile Include="debugProcGL.cpp">
      <Filter>ソース ファイル</Filter>
    </ClCompile>
    <ClCompile Include="network.cpp">
      <Filter>ソース ファイル</Filter>
    </ClCompile>
    <ClCompile Include="trickgauge.cpp">
      <Filter>ソース ファイル</Filter>
    </ClCompile>
    <ClCompile Include="bullet.cpp">
      <Filter>ソース ファイル</Filter>
    </ClCompile>
    <ClCompile Include="effect2D.cpp">
      <Filter>ソース ファイル</Filter>
    </ClCompile>
    <ClCompile Include="countdown.cpp">
      <Filter>ソース ファイル</Filter>
    </ClCompile>
    <ClCompile Include="player.cpp">
      <Filter>ソース ファイル</Filter>
    </ClCompile>
    <ClCompile Include="shadow.cpp">
      <Filter>ソース ファイル</Filter>
    </ClCompile>
    <ClCompile Include="textureManager.cpp">
      <Filter>ソース ファイル</Filter>
    </ClCompile>
    <ClCompile Include="wall.cpp">
      <Filter>ソース ファイル</Filter>
    </ClCompile>
    <ClCompile Include="skybox.cpp">
      <Filter>ソース ファイル</Filter>
    </ClCompile>
    <ClCompile Include="balloon.cpp">
      <Filter>ソース ファイル</Filter>
    </ClCompile>
    <ClCompile Include="life.cpp">
      <Filter>ソース ファイル</Filter>
    </ClCompile>
    <ClCompile Include="collision.cpp">
      <Filter>ソース ファイル</Filter>
    </ClCompile>
    <ClCompile Include="confetti.cpp">
      <Filter>ソース ファイル</Filter>
    </ClCompile>
    <ClCompile Include="square.cpp">
      <Filter>ソース ファイル</Filter>
    </ClCompile>
    <ClCompile Include="particle.cpp">
      <Filter>ソース ファイル</Filter>
    </ClCompile>
    <ClCompile Include="effect.cpp">
      <Filter>ソース ファイル</Filter>
    </ClCompile>
    <ClCompile Include="bulletgauge.cpp">
      <Filter>ソース ファイル</Filter>
    </ClCompile>
    <ClCompile Include="podium.cpp">
      <Filter>ソース ファイル</Filter>
    </ClCompile>
  </ItemGroup>
  <ItemGroup>
    <ResourceCompile Include="GL31_client.rc">
      <Filter>リソース ファイル</Filter>
    </ResourceCompile>
  </ItemGroup>
</Project>